
Microsoft Visual Studio Solution File, Format Version 12.00
# Visual Studio 15
VisualStudioVersion = 15.0.28010.2026
MinimumVisualStudioVersion = 10.0.40219.1
Project("{FAE04EC0-301F-11D3-BF4B-00C04F79EFBC}") = "NHibernate.SQLServer.Test", "NHibernate.SQLServer.Test\NHibernate.SQLServer.Test.csproj", "{E53325FE-BA29-48D8-8EBF-6AB63FB43757}"
EndProject
Project("{FAE04EC0-301F-11D3-BF4B-00C04F79EFBC}") = "NHibernate.SQLite.Test", "NHibernate.SQLite.Test\NHibernate.SQLite.Test.csproj", "{7C35C00B-27C5-4233-AFAD-A75D623B457E}"
EndProject
Global
	GlobalSection(SolutionConfigurationPlatforms) = preSolution
		Debug|Any CPU = Debug|Any CPU
		Release|Any CPU = Release|Any CPU
	EndGlobalSection
	GlobalSection(ProjectConfigurationPlatforms) = postSolution
		{E53325FE-BA29-48D8-8EBF-6AB63FB43757}.Debug|Any CPU.ActiveCfg = Debug|Any CPU
		{E53325FE-BA29-48D8-8EBF-6AB63FB43757}.Debug|Any CPU.Build.0 = Debug|Any CPU
		{E53325FE-BA29-48D8-8EBF-6AB63FB43757}.Release|Any CPU.ActiveCfg = Release|Any CPU
		{E53325FE-BA29-48D8-8EBF-6AB63FB43757}.Release|Any CPU.Build.0 = Release|Any CPU
		{7C35C00B-27C5-4233-AFAD-A75D623B457E}.Debug|Any CPU.ActiveCfg = Debug|Any CPU
		{7C35C00B-27C5-4233-AFAD-A75D623B457E}.Debug|Any CPU.Build.0 = Debug|Any CPU
		{7C35C00B-27C5-4233-AFAD-A75D623B457E}.Release|Any CPU.ActiveCfg = Release|Any CPU
		{7C35C00B-27C5-4233-AFAD-A75D623B457E}.Release|Any CPU.Build.0 = Release|Any CPU
	EndGlobalSection
	GlobalSection(SolutionProperties) = preSolution
		HideSolutionNode = FALSE
	EndGlobalSection
	GlobalSection(ExtensibilityGlobals) = postSolution
		SolutionGuid = {2B3143B8-21DD-4B0C-BCDF-1D149FB7C90C}
	EndGlobalSection
EndGlobal
